
Microsoft Visual Studio Solution File, Format Version 12.00
# Visual Studio Version 16
VisualStudioVersion = 16.0.29926.136
MinimumVisualStudioVersion = 10.0.40219.1
Project("{8BC9CEB8-8B4A-11D0-8D11-00A0C91BC942}") = "Containers", "Containers\Containers.vcxproj", "{D6B0A49D-3AA2-4685-B844-E60FE63D57A7}"
EndProject
Global
	GlobalSection(SolutionConfigurationPlatforms) = preSolution
		Debug|x64 = Debug|x64
		Debug|x86 = Debug|x86
		Release|x64 = Release|x64
		Release|x86 = Release|x86
	EndGlobalSection
	GlobalSection(ProjectConfigurationPlatforms) = postSolution
		{D6B0A49D-3AA2-4685-B844-E60FE63D57A7}.Debug|x64.ActiveCfg = Debug|x64
		{D6B0A49D-3AA2-4685-B844-E60FE63D57A7}.Debug|x64.Build.0 = Debug|x64
		{D6B0A49D-3AA2-4685-B844-E60FE63D57A7}.Debug|x86.ActiveCfg = Debug|Win32
		{D6B0A49D-3AA2-4685-B844-E60FE63D57A7}.Debug|x86.Build.0 = Debug|Win32
		{D6B0A49D-3AA2-4685-B844-E60FE63D57A7}.Release|x64.ActiveCfg = Release|x64
		{D6B0A49D-3AA2-4685-B844-E60FE63D57A7}.Release|x64.Build.0 = Release|x64
		{D6B0A49D-3AA2-4685-B844-E60FE63D57A7}.Release|x86.ActiveCfg = Release|Win32
		{D6B0A49D-3AA2-4685-B844-E60FE63D57A7}.Release|x86.Build.0 = Release|Win32
	EndGlobalSection
	GlobalSection(SolutionProperties) = preSolution
		HideSolutionNode = FALSE
	EndGlobalSection
	GlobalSection(ExtensibilityGlobals) = postSolution
		SolutionGuid = {D7036104-D3F1-4870-9503-E2DB5401A58D}
	EndGlobalSection
EndGlobal
